{
  "name": "@stoxy/hooks",
  "version": "0.0.1",
  "lockfileVersion": 2,
  "requires": true,
  "packages": {
    "": {
      "name": "@stoxy/hooks",
      "version": "0.0.1",
      "license": "ISC",
      "dependencies": {
        "@stoxy/core": "^0.4.8"
      }
    },
    "node_modules/@stoxy/core": {
      "version": "0.4.8",
      "resolved": "https://registry.npmjs.org/@stoxy/core/-/core-0.4.8.tgz",
      "integrity": "sha512-gr/wfGuMplPh20QAc8BbxqUmkM10wU5x2LLKDd56eLqBxPYdNzzHd6RGj+c5UGdh3f/ueKyPUxjngAyO7KVMIQ=="
    }
  },
  "dependencies": {
    "@stoxy/core": {
      "version": "0.4.8",
      "resolved": "https://registry.npmjs.org/@stoxy/core/-/core-0.4.8.tgz",
      "integrity": "sha512-gr/wfGuMplPh20QAc8BbxqUmkM10wU5x2LLKDd56eLqBxPYdNzzHd6RGj+c5UGdh3f/ueKyPUxjngAyO7KVMIQ=="
    }
  }
}
