{
  "name": "@stoxy/hooks",
  "version": "0.0.3",
  "lockfileVersion": 2,
  "requires": true,
  "packages": {
    "": {
      "name": "@stoxy/hooks",
      "version": "0.0.3",
      "license": "ISC",
      "dependencies": {
        "@stoxy/core": "^0.4.9"
      }
    },
    "node_modules/@stoxy/core": {
      "version": "0.4.9",
      "resolved": "https://registry.npmjs.org/@stoxy/core/-/core-0.4.9.tgz",
      "integrity": "sha512-8rWblw4FZGISQmYlEvv9DeVFtmIEtenxj8xBwMQtrbv8Kefu8Cm1iFYfBNZ9Awu7tO+EepKCQYW7lApr+f2wuA=="
    }
  },
  "dependencies": {
    "@stoxy/core": {
      "version": "0.4.9",
      "resolved": "https://registry.npmjs.org/@stoxy/core/-/core-0.4.9.tgz",
      "integrity": "sha512-8rWblw4FZGISQmYlEvv9DeVFtmIEtenxj8xBwMQtrbv8Kefu8Cm1iFYfBNZ9Awu7tO+EepKCQYW7lApr+f2wuA=="
    }
  }
}
